
Microsoft Visual Studio Solution File, Format Version 12.00
# Visual Studio Version 16
VisualStudioVersion = 16.0.30114.105
MinimumVisualStudioVersion = 10.0.40219.1
Project("{9A19103F-16F7-4668-BE54-9A1E7A4F7556}") = "Web.Server", "Web\Server\Web.Server.csproj", "{59DA3E37-5DB1-41C3-ADF7-CD5FE1B7259F}"
EndProject
Project("{9A19103F-16F7-4668-BE54-9A1E7A4F7556}") = "Web.Client", "Web\Client\Web.Client.csproj", "{1A94CBE0-5903-42B4-A942-23C3AA31BA6D}"
EndProject
Project("{9A19103F-16F7-4668-BE54-9A1E7A4F7556}") = "Web.Shared", "Web\Shared\Web.Shared.csproj", "{D5B5A02E-E6D6-4762-8144-F053A94C5BEE}"
EndProject
Project("{2150E333-8FDC-42A3-9474-1A3956D46DE8}") = "Web", "Web", "{F5ECA800-BACA-4F85-9E50-1F526AC00A9E}"
EndProject
Project("{2150E333-8FDC-42A3-9474-1A3956D46DE8}") = "Core", "Core", "{A14FA439-3A51-4E48-9418-C0BD4D4DA923}"
EndProject
Project("{2150E333-8FDC-42A3-9474-1A3956D46DE8}") = "Cloud", "Cloud", "{70B05F43-A2E6-419F-8DF9-66B1D92E6955}"
EndProject
Project("{9A19103F-16F7-4668-BE54-9A1E7A4F7556}") = "Application", "ApplicationService\Application.csproj", "{642D9C16-6A69-4F40-838A-F0C711F40A09}"
EndProject
Project("{2150E333-8FDC-42A3-9474-1A3956D46DE8}") = "OCR", "OCR", "{D5315343-0878-4EBE-BE8D-038AB421B2F5}"
EndProject
Project("{9A19103F-16F7-4668-BE54-9A1E7A4F7556}") = "OcrSpace", "OcrSpace\OcrSpace.csproj", "{B24F924B-AB98-49C1-965A-4611A9A9607E}"
EndProject
Project("{9A19103F-16F7-4668-BE54-9A1E7A4F7556}") = "OcrTest", "OcrTest\OcrTest.csproj", "{E716B8E5-6806-43E3-8533-C6C5F9BDE10E}"
EndProject
Project("{2150E333-8FDC-42A3-9474-1A3956D46DE8}") = "Storage", "Storage", "{7883EE40-0FF5-41BF-95DC-51C3D99739FB}"
EndProject
Project("{9A19103F-16F7-4668-BE54-9A1E7A4F7556}") = "InMemoryStorage", "InMemoryStorage\InMemoryStorage.csproj", "{A18AC3E8-4294-41CB-B3A7-DB432AC68511}"
EndProject
Global
	GlobalSection(SolutionConfigurationPlatforms) = preSolution
		Debug|Any CPU = Debug|Any CPU
		Release|Any CPU = Release|Any CPU
	EndGlobalSection
	GlobalSection(ProjectConfigurationPlatforms) = postSolution
		{59DA3E37-5DB1-41C3-ADF7-CD5FE1B7259F}.Debug|Any CPU.ActiveCfg = Debug|Any CPU
		{59DA3E37-5DB1-41C3-ADF7-CD5FE1B7259F}.Debug|Any CPU.Build.0 = Debug|Any CPU
		{59DA3E37-5DB1-41C3-ADF7-CD5FE1B7259F}.Release|Any CPU.ActiveCfg = Release|Any CPU
		{59DA3E37-5DB1-41C3-ADF7-CD5FE1B7259F}.Release|Any CPU.Build.0 = Release|Any CPU
		{1A94CBE0-5903-42B4-A942-23C3AA31BA6D}.Debug|Any CPU.ActiveCfg = Debug|Any CPU
		{1A94CBE0-5903-42B4-A942-23C3AA31BA6D}.Debug|Any CPU.Build.0 = Debug|Any CPU
		{1A94CBE0-5903-42B4-A942-23C3AA31BA6D}.Release|Any CPU.ActiveCfg = Release|Any CPU
		{1A94CBE0-5903-42B4-A942-23C3AA31BA6D}.Release|Any CPU.Build.0 = Release|Any CPU
		{D5B5A02E-E6D6-4762-8144-F053A94C5BEE}.Debug|Any CPU.ActiveCfg = Debug|Any CPU
		{D5B5A02E-E6D6-4762-8144-F053A94C5BEE}.Debug|Any CPU.Build.0 = Debug|Any CPU
		{D5B5A02E-E6D6-4762-8144-F053A94C5BEE}.Release|Any CPU.ActiveCfg = Release|Any CPU
		{D5B5A02E-E6D6-4762-8144-F053A94C5BEE}.Release|Any CPU.Build.0 = Release|Any CPU
		{642D9C16-6A69-4F40-838A-F0C711F40A09}.Debug|Any CPU.ActiveCfg = Debug|Any CPU
		{642D9C16-6A69-4F40-838A-F0C711F40A09}.Debug|Any CPU.Build.0 = Debug|Any CPU
		{642D9C16-6A69-4F40-838A-F0C711F40A09}.Release|Any CPU.ActiveCfg = Release|Any CPU
		{642D9C16-6A69-4F40-838A-F0C711F40A09}.Release|Any CPU.Build.0 = Release|Any CPU
		{B24F924B-AB98-49C1-965A-4611A9A9607E}.Debug|Any CPU.ActiveCfg = Debug|Any CPU
		{B24F924B-AB98-49C1-965A-4611A9A9607E}.Debug|Any CPU.Build.0 = Debug|Any CPU
		{B24F924B-AB98-49C1-965A-4611A9A9607E}.Release|Any CPU.ActiveCfg = Release|Any CPU
		{B24F924B-AB98-49C1-965A-4611A9A9607E}.Release|Any CPU.Build.0 = Release|Any CPU
		{E716B8E5-6806-43E3-8533-C6C5F9BDE10E}.Debug|Any CPU.ActiveCfg = Debug|Any CPU
		{E716B8E5-6806-43E3-8533-C6C5F9BDE10E}.Debug|Any CPU.Build.0 = Debug|Any CPU
		{E716B8E5-6806-43E3-8533-C6C5F9BDE10E}.Release|Any CPU.ActiveCfg = Release|Any CPU
		{E716B8E5-6806-43E3-8533-C6C5F9BDE10E}.Release|Any CPU.Build.0 = Release|Any CPU
		{A18AC3E8-4294-41CB-B3A7-DB432AC68511}.Debug|Any CPU.ActiveCfg = Debug|Any CPU
		{A18AC3E8-4294-41CB-B3A7-DB432AC68511}.Debug|Any CPU.Build.0 = Debug|Any CPU
		{A18AC3E8-4294-41CB-B3A7-DB432AC68511}.Release|Any CPU.ActiveCfg = Release|Any CPU
		{A18AC3E8-4294-41CB-B3A7-DB432AC68511}.Release|Any CPU.Build.0 = Release|Any CPU
	EndGlobalSection
	GlobalSection(SolutionProperties) = preSolution
		HideSolutionNode = FALSE
	EndGlobalSection
	GlobalSection(NestedProjects) = preSolution
		{59DA3E37-5DB1-41C3-ADF7-CD5FE1B7259F} = {F5ECA800-BACA-4F85-9E50-1F526AC00A9E}
		{1A94CBE0-5903-42B4-A942-23C3AA31BA6D} = {F5ECA800-BACA-4F85-9E50-1F526AC00A9E}
		{D5B5A02E-E6D6-4762-8144-F053A94C5BEE} = {F5ECA800-BACA-4F85-9E50-1F526AC00A9E}
		{642D9C16-6A69-4F40-838A-F0C711F40A09} = {A14FA439-3A51-4E48-9418-C0BD4D4DA923}
		{B24F924B-AB98-49C1-965A-4611A9A9607E} = {D5315343-0878-4EBE-BE8D-038AB421B2F5}
		{E716B8E5-6806-43E3-8533-C6C5F9BDE10E} = {D5315343-0878-4EBE-BE8D-038AB421B2F5}
		{A18AC3E8-4294-41CB-B3A7-DB432AC68511} = {7883EE40-0FF5-41BF-95DC-51C3D99739FB}
	EndGlobalSection
	GlobalSection(ExtensibilityGlobals) = postSolution
		SolutionGuid = {0001D484-6899-4088-9E5A-8C9EACEEBE09}
	EndGlobalSection
EndGlobal
